
Microsoft Visual Studio Solution File, Format Version 12.00
# Visual Studio 15
Project("{FAE04EC0-301F-11D3-BF4B-00C04F79EFBC}") = "Assembly-CSharp", "Assembly-CSharp.csproj", "{DA45E84F-423A-37BB-1593-19991E789FBA}"
EndProject
Global
	GlobalSection(SolutionConfigurationPlatforms) = preSolution
		Debug|Any CPU = Debug|Any CPU
		Release|Any CPU = Release|Any CPU
	EndGlobalSection
	GlobalSection(ProjectConfigurationPlatforms) = postSolution
		{DA45E84F-423A-37BB-1593-19991E789FBA}.Debug|Any CPU.ActiveCfg = Debug|Any CPU
		{DA45E84F-423A-37BB-1593-19991E789FBA}.Debug|Any CPU.Build.0 = Debug|Any CPU
		{DA45E84F-423A-37BB-1593-19991E789FBA}.Release|Any CPU.ActiveCfg = Release|Any CPU
		{DA45E84F-423A-37BB-1593-19991E789FBA}.Release|Any CPU.Build.0 = Release|Any CPU
	EndGlobalSection
	GlobalSection(SolutionProperties) = preSolution
		HideSolutionNode = FALSE
	EndGlobalSection
EndGlobal
